
Microsoft Visual Studio Solution File, Format Version 12.00
# Visual Studio 2013
VisualStudioVersion = 12.0.21005.1
MinimumVisualStudioVersion = 10.0.40219.1
Project("{FAE04EC0-301F-11D3-BF4B-00C04F79EFBC}") = "Stationers", "Stationers\Stationers.csproj", "{BC317E76-5F24-425C-A593-2D4A30A11CFA}"
EndProject
Global
	GlobalSection(SolutionConfigurationPlatforms) = preSolution
		Debug|Any CPU = Debug|Any CPU
		Release|Any CPU = Release|Any CPU
	EndGlobalSection
	GlobalSection(ProjectConfigurationPlatforms) = postSolution
		{BC317E76-5F24-425C-A593-2D4A30A11CFA}.Debug|Any CPU.ActiveCfg = Debug|Any CPU
		{BC317E76-5F24-425C-A593-2D4A30A11CFA}.Debug|Any CPU.Build.0 = Debug|Any CPU
		{BC317E76-5F24-425C-A593-2D4A30A11CFA}.Release|Any CPU.ActiveCfg = Release|Any CPU
		{BC317E76-5F24-425C-A593-2D4A30A11CFA}.Release|Any CPU.Build.0 = Release|Any CPU
	EndGlobalSection
	GlobalSection(SolutionProperties) = preSolution
		HideSolutionNode = FALSE
	EndGlobalSection
EndGlobal
